
Microsoft Visual Studio Solution File, Format Version 12.00
# Visual Studio Version 17
VisualStudioVersion = 17.5.33424.131
MinimumVisualStudioVersion = 10.0.40219.1
Project("{FAE04EC0-301F-11D3-BF4B-00C04F79EFBC}") = "HerancaATV", "HerancaATV\HerancaATV.csproj", "{720A3F3B-ADFC-4C60-8840-8A21E7CB9EFD}"
EndProject
Global
	GlobalSection(SolutionConfigurationPlatforms) = preSolution
		Debug|Any CPU = Debug|Any CPU
		Release|Any CPU = Release|Any CPU
	EndGlobalSection
	GlobalSection(ProjectConfigurationPlatforms) = postSolution
		{720A3F3B-ADFC-4C60-8840-8A21E7CB9EFD}.Debug|Any CPU.ActiveCfg = Debug|Any CPU
		{720A3F3B-ADFC-4C60-8840-8A21E7CB9EFD}.Debug|Any CPU.Build.0 = Debug|Any CPU
		{720A3F3B-ADFC-4C60-8840-8A21E7CB9EFD}.Release|Any CPU.ActiveCfg = Release|Any CPU
		{720A3F3B-ADFC-4C60-8840-8A21E7CB9EFD}.Release|Any CPU.Build.0 = Release|Any CPU
	EndGlobalSection
	GlobalSection(SolutionProperties) = preSolution
		HideSolutionNode = FALSE
	EndGlobalSection
	GlobalSection(ExtensibilityGlobals) = postSolution
		SolutionGuid = {EC1FF2B6-1982-464D-9AA2-783208A52CCB}
	EndGlobalSection
EndGlobal
